
Microsoft Visual Studio Solution File, Format Version 12.00
# Visual Studio Version 17
VisualStudioVersion = 17.0.31903.59
MinimumVisualStudioVersion = 10.0.40219.1
Project("{2150E333-8FDC-42A3-9474-1A3956D46DE8}") = "src", "src", "{827E0CD3-B72D-47B6-A68D-7590B98EB39B}"
EndProject
Project("{2150E333-8FDC-42A3-9474-1A3956D46DE8}") = "backend", "backend", "{FE360695-3F2B-1049-3887-35FBB5135923}"
EndProject
Project("{2150E333-8FDC-42A3-9474-1A3956D46DE8}") = "building-blocks", "building-blocks", "{97217FD7-2561-554D-DCF3-3A54DB6666FF}"
EndProject
Project("{2150E333-8FDC-42A3-9474-1A3956D46DE8}") = "contracts", "contracts", "{C7F99B07-637E-FA03-40A4-27B055628403}"
EndProject
Project("{FAE04EC0-301F-11D3-BF4B-00C04F79EFBC}") = "Veritas.Contracts.Messages", "src\backend\building-blocks\contracts\Veritas.Contracts.Messages\Veritas.Contracts.Messages.csproj", "{69838C3D-9A99-43C3-8759-3D443B724647}"
EndProject
Project("{2150E333-8FDC-42A3-9474-1A3956D46DE8}") = "service-defaults", "service-defaults", "{ACC5AE80-D151-41A6-0157-DC929F3ADA39}"
EndProject
Project("{FAE04EC0-301F-11D3-BF4B-00C04F79EFBC}") = "Veritas.ServiceDefaults", "src\backend\building-blocks\service-defaults\Veritas.ServiceDefaults\Veritas.ServiceDefaults.csproj", "{EDE5DAC7-5F8F-477F-B5A2-7071198B803E}"
EndProject
Project("{2150E333-8FDC-42A3-9474-1A3956D46DE8}") = "shared", "shared", "{F35C584E-5B74-9103-CC7B-54E954FC4075}"
EndProject
Project("{FAE04EC0-301F-11D3-BF4B-00C04F79EFBC}") = "Veritas.Shared", "src\backend\building-blocks\shared\Veritas.Shared\Veritas.Shared.csproj", "{B82C6FB8-046B-4752-9843-C4610D6BD4C9}"
EndProject
Project("{2150E333-8FDC-42A3-9474-1A3956D46DE8}") = "edge", "edge", "{C43C04CF-9D24-093F-8909-A1D7947375DD}"
EndProject
Project("{2150E333-8FDC-42A3-9474-1A3956D46DE8}") = "admin-api", "admin-api", "{66073E04-D9D9-7D01-F16C-A762AEDB5F0A}"
EndProject
Project("{FAE04EC0-301F-11D3-BF4B-00C04F79EFBC}") = "Veritas.Admin.API", "src\backend\edge\admin-api\Veritas.Admin.API\Veritas.Admin.API.csproj", "{8A870DBA-7B33-4BE0-AC5D-151F229C8F25}"
EndProject
Project("{2150E333-8FDC-42A3-9474-1A3956D46DE8}") = "services", "services", "{EA8B51A1-2815-D7EB-83DD-84035FEA831A}"
EndProject
Project("{2150E333-8FDC-42A3-9474-1A3956D46DE8}") = "platform-service", "platform-service", "{132AB834-148A-6CE8-6856-C3B0B6697923}"
EndProject
Project("{FAE04EC0-301F-11D3-BF4B-00C04F79EFBC}") = "Veritas.PlatformService.Application", "src\backend\services\platform-service\Veritas.PlatformService.Application\Veritas.PlatformService.Application.csproj", "{742E318E-CA98-442E-B96B-4931725BB799}"
EndProject
Project("{FAE04EC0-301F-11D3-BF4B-00C04F79EFBC}") = "Veritas.PlatformService.Domain", "src\backend\services\platform-service\Veritas.PlatformService.Domain\Veritas.PlatformService.Domain.csproj", "{A3113F21-776F-4DED-9F2F-0D812A21653B}"
EndProject
Project("{FAE04EC0-301F-11D3-BF4B-00C04F79EFBC}") = "Veritas.PlatformService.Infrastructure", "src\backend\services\platform-service\Veritas.PlatformService.Infrastructure\Veritas.PlatformService.Infrastructure.csproj", "{1DCD595B-9A84-43D2-8ACD-DF5CD2DE9A7D}"
EndProject
Project("{2150E333-8FDC-42A3-9474-1A3956D46DE8}") = "user-service", "user-service", "{A4D92F8E-3024-5974-920D-34514415FDD9}"
EndProject
Project("{FAE04EC0-301F-11D3-BF4B-00C04F79EFBC}") = "Veritas.UserService.Application", "src\backend\services\user-service\Veritas.UserService.Application\Veritas.UserService.Application.csproj", "{2319DEE8-4B72-42DC-986D-DE7157A2CE8F}"
EndProject
Project("{FAE04EC0-301F-11D3-BF4B-00C04F79EFBC}") = "Veritas.UserService.Domain", "src\backend\services\user-service\Veritas.UserService.Domain\Veritas.UserService.Domain.csproj", "{2F4453B9-A74C-4C56-85A8-7B97271EABC9}"
EndProject
Project("{FAE04EC0-301F-11D3-BF4B-00C04F79EFBC}") = "Veritas.UserService.Infrastructure", "src\backend\services\user-service\Veritas.UserService.Infrastructure\Veritas.UserService.Infrastructure.csproj", "{82A9195C-D211-4A6B-B0D8-29E051CEC4C4}"
EndProject
Project("{FAE04EC0-301F-11D3-BF4B-00C04F79EFBC}") = "Veritas.PlatformService.Application.Tests", "src\backend\services\platform-service\Veritas.PlatformService.Application.Tests\Veritas.PlatformService.Application.Tests.csproj", "{787A3906-C2C3-4374-94FB-D32C88627A57}"
EndProject
Project("{FAE04EC0-301F-11D3-BF4B-00C04F79EFBC}") = "Veritas.UserService.Application.Tests", "src\backend\services\user-service\Veritas.UserService.Application.Tests\Veritas.UserService.Application.Tests.csproj", "{C22BEA9E-3B23-4F60-87FB-897F6476E58E}"
EndProject
Project("{2150E333-8FDC-42A3-9474-1A3956D46DE8}") = "tooling", "tooling", "{BEBE44D4-F279-BB79-EEBD-C7E1B39FBC22}"
EndProject
Project("{2150E333-8FDC-42A3-9474-1A3956D46DE8}") = "db-migrator", "db-migrator", "{4C2A5E92-6991-4997-7466-CD49B851EC78}"
EndProject
Project("{FAE04EC0-301F-11D3-BF4B-00C04F79EFBC}") = "Veritas.Tooling.DbMigrator", "src\backend\tooling\db-migrator\Veritas.Tooling.DbMigrator\Veritas.Tooling.DbMigrator.csproj", "{51C70CF2-93A1-4668-AFB6-5A6AB276F345}"
EndProject
Project("{2150E333-8FDC-42A3-9474-1A3956D46DE8}") = "orchestration", "orchestration", "{8B260A08-A83E-5A86-27DB-EBC08B683631}"
EndProject
Project("{2150E333-8FDC-42A3-9474-1A3956D46DE8}") = "aspire", "aspire", "{73949E50-92B2-2BEC-A632-8C2838E49F6F}"
EndProject
Project("{FAE04EC0-301F-11D3-BF4B-00C04F79EFBC}") = "Veritas.AppHost", "src\orchestration\aspire\Veritas.AppHost\Veritas.AppHost.csproj", "{ED60B03B-731C-4558-AA18-079688785166}"
EndProject
Global
	GlobalSection(SolutionConfigurationPlatforms) = preSolution
		Debug|Any CPU = Debug|Any CPU
		Debug|x64 = Debug|x64
		Debug|x86 = Debug|x86
		Release|Any CPU = Release|Any CPU
		Release|x64 = Release|x64
		Release|x86 = Release|x86
	EndGlobalSection
	GlobalSection(ProjectConfigurationPlatforms) = postSolution
		{69838C3D-9A99-43C3-8759-3D443B724647}.Debug|Any CPU.ActiveCfg = Debug|Any CPU
		{69838C3D-9A99-43C3-8759-3D443B724647}.Debug|Any CPU.Build.0 = Debug|Any CPU
		{69838C3D-9A99-43C3-8759-3D443B724647}.Debug|x64.ActiveCfg = Debug|Any CPU
		{69838C3D-9A99-43C3-8759-3D443B724647}.Debug|x64.Build.0 = Debug|Any CPU
		{69838C3D-9A99-43C3-8759-3D443B724647}.Debug|x86.ActiveCfg = Debug|Any CPU
		{69838C3D-9A99-43C3-8759-3D443B724647}.Debug|x86.Build.0 = Debug|Any CPU
		{69838C3D-9A99-43C3-8759-3D443B724647}.Release|Any CPU.ActiveCfg = Release|Any CPU
		{69838C3D-9A99-43C3-8759-3D443B724647}.Release|Any CPU.Build.0 = Release|Any CPU
		{69838C3D-9A99-43C3-8759-3D443B724647}.Release|x64.ActiveCfg = Release|Any CPU
		{69838C3D-9A99-43C3-8759-3D443B724647}.Release|x64.Build.0 = Release|Any CPU
		{69838C3D-9A99-43C3-8759-3D443B724647}.Release|x86.ActiveCfg = Release|Any CPU
		{69838C3D-9A99-43C3-8759-3D443B724647}.Release|x86.Build.0 = Release|Any CPU
		{EDE5DAC7-5F8F-477F-B5A2-7071198B803E}.Debug|Any CPU.ActiveCfg = Debug|Any CPU
		{EDE5DAC7-5F8F-477F-B5A2-7071198B803E}.Debug|Any CPU.Build.0 = Debug|Any CPU
		{EDE5DAC7-5F8F-477F-B5A2-7071198B803E}.Debug|x64.ActiveCfg = Debug|Any CPU
		{EDE5DAC7-5F8F-477F-B5A2-7071198B803E}.Debug|x64.Build.0 = Debug|Any CPU
		{EDE5DAC7-5F8F-477F-B5A2-7071198B803E}.Debug|x86.ActiveCfg = Debug|Any CPU
		{EDE5DAC7-5F8F-477F-B5A2-7071198B803E}.Debug|x86.Build.0 = Debug|Any CPU
		{EDE5DAC7-5F8F-477F-B5A2-7071198B803E}.Release|Any CPU.ActiveCfg = Release|Any CPU
		{EDE5DAC7-5F8F-477F-B5A2-7071198B803E}.Release|Any CPU.Build.0 = Release|Any CPU
		{EDE5DAC7-5F8F-477F-B5A2-7071198B803E}.Release|x64.ActiveCfg = Release|Any CPU
		{EDE5DAC7-5F8F-477F-B5A2-7071198B803E}.Release|x64.Build.0 = Release|Any CPU
		{EDE5DAC7-5F8F-477F-B5A2-7071198B803E}.Release|x86.ActiveCfg = Release|Any CPU
		{EDE5DAC7-5F8F-477F-B5A2-7071198B803E}.Release|x86.Build.0 = Release|Any CPU
		{B82C6FB8-046B-4752-9843-C4610D6BD4C9}.Debug|Any CPU.ActiveCfg = Debug|Any CPU
		{B82C6FB8-046B-4752-9843-C4610D6BD4C9}.Debug|Any CPU.Build.0 = Debug|Any CPU
		{B82C6FB8-046B-4752-9843-C4610D6BD4C9}.Debug|x64.ActiveCfg = Debug|Any CPU
		{B82C6FB8-046B-4752-9843-C4610D6BD4C9}.Debug|x64.Build.0 = Debug|Any CPU
		{B82C6FB8-046B-4752-9843-C4610D6BD4C9}.Debug|x86.ActiveCfg = Debug|Any CPU
		{B82C6FB8-046B-4752-9843-C4610D6BD4C9}.Debug|x86.Build.0 = Debug|Any CPU
		{B82C6FB8-046B-4752-9843-C4610D6BD4C9}.Release|Any CPU.ActiveCfg = Release|Any CPU
		{B82C6FB8-046B-4752-9843-C4610D6BD4C9}.Release|Any CPU.Build.0 = Release|Any CPU
		{B82C6FB8-046B-4752-9843-C4610D6BD4C9}.Release|x64.ActiveCfg = Release|Any CPU
		{B82C6FB8-046B-4752-9843-C4610D6BD4C9}.Release|x64.Build.0 = Release|Any CPU
		{B82C6FB8-046B-4752-9843-C4610D6BD4C9}.Release|x86.ActiveCfg = Release|Any CPU
		{B82C6FB8-046B-4752-9843-C4610D6BD4C9}.Release|x86.Build.0 = Release|Any CPU
		{8A870DBA-7B33-4BE0-AC5D-151F229C8F25}.Debug|Any CPU.ActiveCfg = Debug|Any CPU
		{8A870DBA-7B33-4BE0-AC5D-151F229C8F25}.Debug|Any CPU.Build.0 = Debug|Any CPU
		{8A870DBA-7B33-4BE0-AC5D-151F229C8F25}.Debug|x64.ActiveCfg = Debug|Any CPU
		{8A870DBA-7B33-4BE0-AC5D-151F229C8F25}.Debug|x64.Build.0 = Debug|Any CPU
		{8A870DBA-7B33-4BE0-AC5D-151F229C8F25}.Debug|x86.ActiveCfg = Debug|Any CPU
		{8A870DBA-7B33-4BE0-AC5D-151F229C8F25}.Debug|x86.Build.0 = Debug|Any CPU
		{8A870DBA-7B33-4BE0-AC5D-151F229C8F25}.Release|Any CPU.ActiveCfg = Release|Any CPU
		{8A870DBA-7B33-4BE0-AC5D-151F229C8F25}.Release|Any CPU.Build.0 = Release|Any CPU
		{8A870DBA-7B33-4BE0-AC5D-151F229C8F25}.Release|x64.ActiveCfg = Release|Any CPU
		{8A870DBA-7B33-4BE0-AC5D-151F229C8F25}.Release|x64.Build.0 = Release|Any CPU
		{8A870DBA-7B33-4BE0-AC5D-151F229C8F25}.Release|x86.ActiveCfg = Release|Any CPU
		{8A870DBA-7B33-4BE0-AC5D-151F229C8F25}.Release|x86.Build.0 = Release|Any CPU
		{742E318E-CA98-442E-B96B-4931725BB799}.Debug|Any CPU.ActiveCfg = Debug|Any CPU
		{742E318E-CA98-442E-B96B-4931725BB799}.Debug|Any CPU.Build.0 = Debug|Any CPU
		{742E318E-CA98-442E-B96B-4931725BB799}.Debug|x64.ActiveCfg = Debug|Any CPU
		{742E318E-CA98-442E-B96B-4931725BB799}.Debug|x64.Build.0 = Debug|Any CPU
		{742E318E-CA98-442E-B96B-4931725BB799}.Debug|x86.ActiveCfg = Debug|Any CPU
		{742E318E-CA98-442E-B96B-4931725BB799}.Debug|x86.Build.0 = Debug|Any CPU
		{742E318E-CA98-442E-B96B-4931725BB799}.Release|Any CPU.ActiveCfg = Release|Any CPU
		{742E318E-CA98-442E-B96B-4931725BB799}.Release|Any CPU.Build.0 = Release|Any CPU
		{742E318E-CA98-442E-B96B-4931725BB799}.Release|x64.ActiveCfg = Release|Any CPU
		{742E318E-CA98-442E-B96B-4931725BB799}.Release|x64.Build.0 = Release|Any CPU
		{742E318E-CA98-442E-B96B-4931725BB799}.Release|x86.ActiveCfg = Release|Any CPU
		{742E318E-CA98-442E-B96B-4931725BB799}.Release|x86.Build.0 = Release|Any CPU
		{A3113F21-776F-4DED-9F2F-0D812A21653B}.Debug|Any CPU.ActiveCfg = Debug|Any CPU
		{A3113F21-776F-4DED-9F2F-0D812A21653B}.Debug|Any CPU.Build.0 = Debug|Any CPU
		{A3113F21-776F-4DED-9F2F-0D812A21653B}.Debug|x64.ActiveCfg = Debug|Any CPU
		{A3113F21-776F-4DED-9F2F-0D812A21653B}.Debug|x64.Build.0 = Debug|Any CPU
		{A3113F21-776F-4DED-9F2F-0D812A21653B}.Debug|x86.ActiveCfg = Debug|Any CPU
		{A3113F21-776F-4DED-9F2F-0D812A21653B}.Debug|x86.Build.0 = Debug|Any CPU
		{A3113F21-776F-4DED-9F2F-0D812A21653B}.Release|Any CPU.ActiveCfg = Release|Any CPU
		{A3113F21-776F-4DED-9F2F-0D812A21653B}.Release|Any CPU.Build.0 = Release|Any CPU
		{A3113F21-776F-4DED-9F2F-0D812A21653B}.Release|x64.ActiveCfg = Release|Any CPU
		{A3113F21-776F-4DED-9F2F-0D812A21653B}.Release|x64.Build.0 = Release|Any CPU
		{A3113F21-776F-4DED-9F2F-0D812A21653B}.Release|x86.ActiveCfg = Release|Any CPU
		{A3113F21-776F-4DED-9F2F-0D812A21653B}.Release|x86.Build.0 = Release|Any CPU
		{1DCD595B-9A84-43D2-8ACD-DF5CD2DE9A7D}.Debug|Any CPU.ActiveCfg = Debug|Any CPU
		{1DCD595B-9A84-43D2-8ACD-DF5CD2DE9A7D}.Debug|Any CPU.Build.0 = Debug|Any CPU
		{1DCD595B-9A84-43D2-8ACD-DF5CD2DE9A7D}.Debug|x64.ActiveCfg = Debug|Any CPU
		{1DCD595B-9A84-43D2-8ACD-DF5CD2DE9A7D}.Debug|x64.Build.0 = Debug|Any CPU
		{1DCD595B-9A84-43D2-8ACD-DF5CD2DE9A7D}.Debug|x86.ActiveCfg = Debug|Any CPU
		{1DCD595B-9A84-43D2-8ACD-DF5CD2DE9A7D}.Debug|x86.Build.0 = Debug|Any CPU
		{1DCD595B-9A84-43D2-8ACD-DF5CD2DE9A7D}.Release|Any CPU.ActiveCfg = Release|Any CPU
		{1DCD595B-9A84-43D2-8ACD-DF5CD2DE9A7D}.Release|Any CPU.Build.0 = Release|Any CPU
		{1DCD595B-9A84-43D2-8ACD-DF5CD2DE9A7D}.Release|x64.ActiveCfg = Release|Any CPU
		{1DCD595B-9A84-43D2-8ACD-DF5CD2DE9A7D}.Release|x64.Build.0 = Release|Any CPU
		{1DCD595B-9A84-43D2-8ACD-DF5CD2DE9A7D}.Release|x86.ActiveCfg = Release|Any CPU
		{1DCD595B-9A84-43D2-8ACD-DF5CD2DE9A7D}.Release|x86.Build.0 = Release|Any CPU
		{2319DEE8-4B72-42DC-986D-DE7157A2CE8F}.Debug|Any CPU.ActiveCfg = Debug|Any CPU
		{2319DEE8-4B72-42DC-986D-DE7157A2CE8F}.Debug|Any CPU.Build.0 = Debug|Any CPU
		{2319DEE8-4B72-42DC-986D-DE7157A2CE8F}.Debug|x64.ActiveCfg = Debug|Any CPU
		{2319DEE8-4B72-42DC-986D-DE7157A2CE8F}.Debug|x64.Build.0 = Debug|Any CPU
		{2319DEE8-4B72-42DC-986D-DE7157A2CE8F}.Debug|x86.ActiveCfg = Debug|Any CPU
		{2319DEE8-4B72-42DC-986D-DE7157A2CE8F}.Debug|x86.Build.0 = Debug|Any CPU
		{2319DEE8-4B72-42DC-986D-DE7157A2CE8F}.Release|Any CPU.ActiveCfg = Release|Any CPU
		{2319DEE8-4B72-42DC-986D-DE7157A2CE8F}.Release|Any CPU.Build.0 = Release|Any CPU
		{2319DEE8-4B72-42DC-986D-DE7157A2CE8F}.Release|x64.ActiveCfg = Release|Any CPU
		{2319DEE8-4B72-42DC-986D-DE7157A2CE8F}.Release|x64.Build.0 = Release|Any CPU
		{2319DEE8-4B72-42DC-986D-DE7157A2CE8F}.Release|x86.ActiveCfg = Release|Any CPU
		{2319DEE8-4B72-42DC-986D-DE7157A2CE8F}.Release|x86.Build.0 = Release|Any CPU
		{2F4453B9-A74C-4C56-85A8-7B97271EABC9}.Debug|Any CPU.ActiveCfg = Debug|Any CPU
		{2F4453B9-A74C-4C56-85A8-7B97271EABC9}.Debug|Any CPU.Build.0 = Debug|Any CPU
		{2F4453B9-A74C-4C56-85A8-7B97271EABC9}.Debug|x64.ActiveCfg = Debug|Any CPU
		{2F4453B9-A74C-4C56-85A8-7B97271EABC9}.Debug|x64.Build.0 = Debug|Any CPU
		{2F4453B9-A74C-4C56-85A8-7B97271EABC9}.Debug|x86.ActiveCfg = Debug|Any CPU
		{2F4453B9-A74C-4C56-85A8-7B97271EABC9}.Debug|x86.Build.0 = Debug|Any CPU
		{2F4453B9-A74C-4C56-85A8-7B97271EABC9}.Release|Any CPU.ActiveCfg = Release|Any CPU
		{2F4453B9-A74C-4C56-85A8-7B97271EABC9}.Release|Any CPU.Build.0 = Release|Any CPU
		{2F4453B9-A74C-4C56-85A8-7B97271EABC9}.Release|x64.ActiveCfg = Release|Any CPU
		{2F4453B9-A74C-4C56-85A8-7B97271EABC9}.Release|x64.Build.0 = Release|Any CPU
		{2F4453B9-A74C-4C56-85A8-7B97271EABC9}.Release|x86.ActiveCfg = Release|Any CPU
		{2F4453B9-A74C-4C56-85A8-7B97271EABC9}.Release|x86.Build.0 = Release|Any CPU
		{82A9195C-D211-4A6B-B0D8-29E051CEC4C4}.Debug|Any CPU.ActiveCfg = Debug|Any CPU
		{82A9195C-D211-4A6B-B0D8-29E051CEC4C4}.Debug|Any CPU.Build.0 = Debug|Any CPU
		{82A9195C-D211-4A6B-B0D8-29E051CEC4C4}.Debug|x64.ActiveCfg = Debug|Any CPU
		{82A9195C-D211-4A6B-B0D8-29E051CEC4C4}.Debug|x64.Build.0 = Debug|Any CPU
		{82A9195C-D211-4A6B-B0D8-29E051CEC4C4}.Debug|x86.ActiveCfg = Debug|Any CPU
		{82A9195C-D211-4A6B-B0D8-29E051CEC4C4}.Debug|x86.Build.0 = Debug|Any CPU
		{82A9195C-D211-4A6B-B0D8-29E051CEC4C4}.Release|Any CPU.ActiveCfg = Release|Any CPU
		{82A9195C-D211-4A6B-B0D8-29E051CEC4C4}.Release|Any CPU.Build.0 = Release|Any CPU
		{82A9195C-D211-4A6B-B0D8-29E051CEC4C4}.Release|x64.ActiveCfg = Release|Any CPU
		{82A9195C-D211-4A6B-B0D8-29E051CEC4C4}.Release|x64.Build.0 = Release|Any CPU
		{82A9195C-D211-4A6B-B0D8-29E051CEC4C4}.Release|x86.ActiveCfg = Release|Any CPU
		{82A9195C-D211-4A6B-B0D8-29E051CEC4C4}.Release|x86.Build.0 = Release|Any CPU
		{787A3906-C2C3-4374-94FB-D32C88627A57}.Debug|Any CPU.ActiveCfg = Debug|Any CPU
		{787A3906-C2C3-4374-94FB-D32C88627A57}.Debug|Any CPU.Build.0 = Debug|Any CPU
		{787A3906-C2C3-4374-94FB-D32C88627A57}.Debug|x64.ActiveCfg = Debug|Any CPU
		{787A3906-C2C3-4374-94FB-D32C88627A57}.Debug|x64.Build.0 = Debug|Any CPU
		{787A3906-C2C3-4374-94FB-D32C88627A57}.Debug|x86.ActiveCfg = Debug|Any CPU
		{787A3906-C2C3-4374-94FB-D32C88627A57}.Debug|x86.Build.0 = Debug|Any CPU
		{787A3906-C2C3-4374-94FB-D32C88627A57}.Release|Any CPU.ActiveCfg = Release|Any CPU
		{787A3906-C2C3-4374-94FB-D32C88627A57}.Release|Any CPU.Build.0 = Release|Any CPU
		{787A3906-C2C3-4374-94FB-D32C88627A57}.Release|x64.ActiveCfg = Release|Any CPU
		{787A3906-C2C3-4374-94FB-D32C88627A57}.Release|x64.Build.0 = Release|Any CPU
		{787A3906-C2C3-4374-94FB-D32C88627A57}.Release|x86.ActiveCfg = Release|Any CPU
		{787A3906-C2C3-4374-94FB-D32C88627A57}.Release|x86.Build.0 = Release|Any CPU
		{C22BEA9E-3B23-4F60-87FB-897F6476E58E}.Debug|Any CPU.ActiveCfg = Debug|Any CPU
		{C22BEA9E-3B23-4F60-87FB-897F6476E58E}.Debug|Any CPU.Build.0 = Debug|Any CPU
		{C22BEA9E-3B23-4F60-87FB-897F6476E58E}.Debug|x64.ActiveCfg = Debug|Any CPU
		{C22BEA9E-3B23-4F60-87FB-897F6476E58E}.Debug|x64.Build.0 = Debug|Any CPU
		{C22BEA9E-3B23-4F60-87FB-897F6476E58E}.Debug|x86.ActiveCfg = Debug|Any CPU
		{C22BEA9E-3B23-4F60-87FB-897F6476E58E}.Debug|x86.Build.0 = Debug|Any CPU
		{C22BEA9E-3B23-4F60-87FB-897F6476E58E}.Release|Any CPU.ActiveCfg = Release|Any CPU
		{C22BEA9E-3B23-4F60-87FB-897F6476E58E}.Release|Any CPU.Build.0 = Release|Any CPU
		{C22BEA9E-3B23-4F60-87FB-897F6476E58E}.Release|x64.ActiveCfg = Release|Any CPU
		{C22BEA9E-3B23-4F60-87FB-897F6476E58E}.Release|x64.Build.0 = Release|Any CPU
		{C22BEA9E-3B23-4F60-87FB-897F6476E58E}.Release|x86.ActiveCfg = Release|Any CPU
		{C22BEA9E-3B23-4F60-87FB-897F6476E58E}.Release|x86.Build.0 = Release|Any CPU
		{51C70CF2-93A1-4668-AFB6-5A6AB276F345}.Debug|Any CPU.ActiveCfg = Debug|Any CPU
		{51C70CF2-93A1-4668-AFB6-5A6AB276F345}.Debug|Any CPU.Build.0 = Debug|Any CPU
		{51C70CF2-93A1-4668-AFB6-5A6AB276F345}.Debug|x64.ActiveCfg = Debug|Any CPU
		{51C70CF2-93A1-4668-AFB6-5A6AB276F345}.Debug|x64.Build.0 = Debug|Any CPU
		{51C70CF2-93A1-4668-AFB6-5A6AB276F345}.Debug|x86.ActiveCfg = Debug|Any CPU
		{51C70CF2-93A1-4668-AFB6-5A6AB276F345}.Debug|x86.Build.0 = Debug|Any CPU
		{51C70CF2-93A1-4668-AFB6-5A6AB276F345}.Release|Any CPU.ActiveCfg = Release|Any CPU
		{51C70CF2-93A1-4668-AFB6-5A6AB276F345}.Release|Any CPU.Build.0 = Release|Any CPU
		{51C70CF2-93A1-4668-AFB6-5A6AB276F345}.Release|x64.ActiveCfg = Release|Any CPU
		{51C70CF2-93A1-4668-AFB6-5A6AB276F345}.Release|x64.Build.0 = Release|Any CPU
		{51C70CF2-93A1-4668-AFB6-5A6AB276F345}.Release|x86.ActiveCfg = Release|Any CPU
		{51C70CF2-93A1-4668-AFB6-5A6AB276F345}.Release|x86.Build.0 = Release|Any CPU
		{ED60B03B-731C-4558-AA18-079688785166}.Debug|Any CPU.ActiveCfg = Debug|Any CPU
		{ED60B03B-731C-4558-AA18-079688785166}.Debug|Any CPU.Build.0 = Debug|Any CPU
		{ED60B03B-731C-4558-AA18-079688785166}.Debug|x64.ActiveCfg = Debug|Any CPU
		{ED60B03B-731C-4558-AA18-079688785166}.Debug|x64.Build.0 = Debug|Any CPU
		{ED60B03B-731C-4558-AA18-079688785166}.Debug|x86.ActiveCfg = Debug|Any CPU
		{ED60B03B-731C-4558-AA18-079688785166}.Debug|x86.Build.0 = Debug|Any CPU
		{ED60B03B-731C-4558-AA18-079688785166}.Release|Any CPU.ActiveCfg = Release|Any CPU
		{ED60B03B-731C-4558-AA18-079688785166}.Release|Any CPU.Build.0 = Release|Any CPU
		{ED60B03B-731C-4558-AA18-079688785166}.Release|x64.ActiveCfg = Release|Any CPU
		{ED60B03B-731C-4558-AA18-079688785166}.Release|x64.Build.0 = Release|Any CPU
		{ED60B03B-731C-4558-AA18-079688785166}.Release|x86.ActiveCfg = Release|Any CPU
		{ED60B03B-731C-4558-AA18-079688785166}.Release|x86.Build.0 = Release|Any CPU
	EndGlobalSection
	GlobalSection(SolutionProperties) = preSolution
		HideSolutionNode = FALSE
	EndGlobalSection
	GlobalSection(NestedProjects) = preSolution
		{FE360695-3F2B-1049-3887-35FBB5135923} = {827E0CD3-B72D-47B6-A68D-7590B98EB39B}
		{97217FD7-2561-554D-DCF3-3A54DB6666FF} = {FE360695-3F2B-1049-3887-35FBB5135923}
		{C7F99B07-637E-FA03-40A4-27B055628403} = {97217FD7-2561-554D-DCF3-3A54DB6666FF}
		{69838C3D-9A99-43C3-8759-3D443B724647} = {C7F99B07-637E-FA03-40A4-27B055628403}
		{ACC5AE80-D151-41A6-0157-DC929F3ADA39} = {97217FD7-2561-554D-DCF3-3A54DB6666FF}
		{EDE5DAC7-5F8F-477F-B5A2-7071198B803E} = {ACC5AE80-D151-41A6-0157-DC929F3ADA39}
		{F35C584E-5B74-9103-CC7B-54E954FC4075} = {97217FD7-2561-554D-DCF3-3A54DB6666FF}
		{B82C6FB8-046B-4752-9843-C4610D6BD4C9} = {F35C584E-5B74-9103-CC7B-54E954FC4075}
		{C43C04CF-9D24-093F-8909-A1D7947375DD} = {FE360695-3F2B-1049-3887-35FBB5135923}
		{66073E04-D9D9-7D01-F16C-A762AEDB5F0A} = {C43C04CF-9D24-093F-8909-A1D7947375DD}
		{8A870DBA-7B33-4BE0-AC5D-151F229C8F25} = {66073E04-D9D9-7D01-F16C-A762AEDB5F0A}
		{EA8B51A1-2815-D7EB-83DD-84035FEA831A} = {FE360695-3F2B-1049-3887-35FBB5135923}
		{132AB834-148A-6CE8-6856-C3B0B6697923} = {EA8B51A1-2815-D7EB-83DD-84035FEA831A}
		{742E318E-CA98-442E-B96B-4931725BB799} = {132AB834-148A-6CE8-6856-C3B0B6697923}
		{A3113F21-776F-4DED-9F2F-0D812A21653B} = {132AB834-148A-6CE8-6856-C3B0B6697923}
		{1DCD595B-9A84-43D2-8ACD-DF5CD2DE9A7D} = {132AB834-148A-6CE8-6856-C3B0B6697923}
		{A4D92F8E-3024-5974-920D-34514415FDD9} = {EA8B51A1-2815-D7EB-83DD-84035FEA831A}
		{2319DEE8-4B72-42DC-986D-DE7157A2CE8F} = {A4D92F8E-3024-5974-920D-34514415FDD9}
		{2F4453B9-A74C-4C56-85A8-7B97271EABC9} = {A4D92F8E-3024-5974-920D-34514415FDD9}
		{82A9195C-D211-4A6B-B0D8-29E051CEC4C4} = {A4D92F8E-3024-5974-920D-34514415FDD9}
		{787A3906-C2C3-4374-94FB-D32C88627A57} = {132AB834-148A-6CE8-6856-C3B0B6697923}
		{C22BEA9E-3B23-4F60-87FB-897F6476E58E} = {A4D92F8E-3024-5974-920D-34514415FDD9}
		{BEBE44D4-F279-BB79-EEBD-C7E1B39FBC22} = {FE360695-3F2B-1049-3887-35FBB5135923}
		{4C2A5E92-6991-4997-7466-CD49B851EC78} = {BEBE44D4-F279-BB79-EEBD-C7E1B39FBC22}
		{51C70CF2-93A1-4668-AFB6-5A6AB276F345} = {4C2A5E92-6991-4997-7466-CD49B851EC78}
		{8B260A08-A83E-5A86-27DB-EBC08B683631} = {827E0CD3-B72D-47B6-A68D-7590B98EB39B}
		{73949E50-92B2-2BEC-A632-8C2838E49F6F} = {8B260A08-A83E-5A86-27DB-EBC08B683631}
		{ED60B03B-731C-4558-AA18-079688785166} = {73949E50-92B2-2BEC-A632-8C2838E49F6F}
	EndGlobalSection
EndGlobal
